
Microsoft Visual Studio Solution File, Format Version 12.00
# Visual Studio Version 17
VisualStudioVersion = 17.5.33530.505
MinimumVisualStudioVersion = 10.0.40219.1
Project("{FAE04EC0-301F-11D3-BF4B-00C04F79EFBC}") = "AljabarLibraries", "AljabarLibraries\AljabarLibraries.csproj", "{01B76217-1816-4AF2-9281-98CA197EFDB6}"
EndProject
Project("{FAE04EC0-301F-11D3-BF4B-00C04F79EFBC}") = "TestAljabarLibraries", "TestAljabarLibraries\TestAljabarLibraries.csproj", "{69504BDD-D019-46F2-8334-EF21BEFAE09E}"
EndProject
Global
	GlobalSection(SolutionConfigurationPlatforms) = preSolution
		Debug|Any CPU = Debug|Any CPU
		Release|Any CPU = Release|Any CPU
	EndGlobalSection
	GlobalSection(ProjectConfigurationPlatforms) = postSolution
		{01B76217-1816-4AF2-9281-98CA197EFDB6}.Debug|Any CPU.ActiveCfg = Debug|Any CPU
		{01B76217-1816-4AF2-9281-98CA197EFDB6}.Debug|Any CPU.Build.0 = Debug|Any CPU
		{01B76217-1816-4AF2-9281-98CA197EFDB6}.Release|Any CPU.ActiveCfg = Release|Any CPU
		{01B76217-1816-4AF2-9281-98CA197EFDB6}.Release|Any CPU.Build.0 = Release|Any CPU
		{69504BDD-D019-46F2-8334-EF21BEFAE09E}.Debug|Any CPU.ActiveCfg = Debug|Any CPU
		{69504BDD-D019-46F2-8334-EF21BEFAE09E}.Debug|Any CPU.Build.0 = Debug|Any CPU
		{69504BDD-D019-46F2-8334-EF21BEFAE09E}.Release|Any CPU.ActiveCfg = Release|Any CPU
		{69504BDD-D019-46F2-8334-EF21BEFAE09E}.Release|Any CPU.Build.0 = Release|Any CPU
	EndGlobalSection
	GlobalSection(SolutionProperties) = preSolution
		HideSolutionNode = FALSE
	EndGlobalSection
	GlobalSection(ExtensibilityGlobals) = postSolution
		SolutionGuid = {52C4797E-BC64-4A3E-85CF-D9BF14B3B682}
	EndGlobalSection
EndGlobal
